
Microsoft Visual Studio Solution File, Format Version 12.00
Project("{FAE04EC0-301F-11D3-BF4B-00C04F79EFBC}") = "SimpleNugetServer", "SimpleNugetServer\SimpleNugetServer.csproj", "{974A3BDD-8F80-4559-88E0-34D1BA3F5EDD}"
EndProject
Global
	GlobalSection(SolutionConfigurationPlatforms) = preSolution
		Debug|Any CPU = Debug|Any CPU
		Release|Any CPU = Release|Any CPU
	EndGlobalSection
	GlobalSection(ProjectConfigurationPlatforms) = postSolution
		{974A3BDD-8F80-4559-88E0-34D1BA3F5EDD}.Debug|Any CPU.ActiveCfg = Debug|Any CPU
		{974A3BDD-8F80-4559-88E0-34D1BA3F5EDD}.Debug|Any CPU.Build.0 = Debug|Any CPU
		{974A3BDD-8F80-4559-88E0-34D1BA3F5EDD}.Release|Any CPU.ActiveCfg = Release|Any CPU
		{974A3BDD-8F80-4559-88E0-34D1BA3F5EDD}.Release|Any CPU.Build.0 = Release|Any CPU
		{9F34A496-445D-4542-8DC0-952A6D6B473B}.Debug|Any CPU.ActiveCfg = Debug|Any CPU
		{9F34A496-445D-4542-8DC0-952A6D6B473B}.Debug|Any CPU.Build.0 = Debug|Any CPU
		{9F34A496-445D-4542-8DC0-952A6D6B473B}.Release|Any CPU.ActiveCfg = Release|Any CPU
		{9F34A496-445D-4542-8DC0-952A6D6B473B}.Release|Any CPU.Build.0 = Release|Any CPU
	EndGlobalSection
EndGlobal
